// !$*UTF8*$!
{
	archiveVersion = 1;
	classes = {
	};
	objectVersion = 46;
	objects = {

/* Begin PBXBuildFile section */
		630918781C70F9E8004F7D4B /* PreferencesWindow.swift in Sources */ = {isa = PBXBuildFile; fileRef = 630918761C70F9E8004F7D4B /* PreferencesWindow.swift */; };
		630918791C70F9E8004F7D4B /* PreferencesWindow.xib in Resources */ = {isa = PBXBuildFile; fileRef = 630918771C70F9E8004F7D4B /* PreferencesWindow.xib */; };
		6315A8F21C724350007769A1 /* SunCalculator.swift in Sources */ = {isa = PBXBuildFile; fileRef = 6315A8F11C724350007769A1 /* SunCalculator.swift */; };
		63E505B11C6FD78E003B6295 /* AppDelegate.swift in Sources */ = {isa = PBXBuildFile; fileRef = 63E505B01C6FD78E003B6295 /* AppDelegate.swift */; };
		63E505B31C6FD78E003B6295 /* Assets.xcassets in Resources */ = {isa = PBXBuildFile; fileRef = 63E505B21C6FD78E003B6295 /* Assets.xcassets */; };
		63E505B61C6FD78E003B6295 /* MainMenu.xib in Resources */ = {isa = PBXBuildFile; fileRef = 63E505B41C6FD78E003B6295 /* MainMenu.xib */; };
		63E505C11C6FD78E003B6295 /* SunscreenTests.swift in Sources */ = {isa = PBXBuildFile; fileRef = 63E505C01C6FD78E003B6295 /* SunscreenTests.swift */; };
		63E505CC1C6FD78E003B6295 /* SunscreenUITests.swift in Sources */ = {isa = PBXBuildFile; fileRef = 63E505CB1C6FD78E003B6295 /* SunscreenUITests.swift */; };
		63E505DA1C6FE77D003B6295 /* StatusMenuController.swift in Sources */ = {isa = PBXBuildFile; fileRef = 63E505D91C6FE77D003B6295 /* StatusMenuController.swift */; };
/* End PBXBuildFile section */

/* Begin PBXContainerItemProxy section */
		63E505BD1C6FD78E003B6295 /* PBXContainerItemProxy */ = {
			isa = PBXContainerItemProxy;
			containerPortal = 63E505A51C6FD78E003B6295 /* Project object */;
			proxyType = 1;
			remoteGlobalIDString = 63E505AC1C6FD78E003B6295;
			remoteInfo = Sunscreen;
		};
		63E505C81C6FD78E003B6295 /* PBXContainerItemProxy */ = {
			isa = PBXContainerItemProxy;
			containerPortal = 63E505A51C6FD78E003B6295 /* Project object */;
			proxyType = 1;
			remoteGlobalIDString = 63E505AC1C6FD78E003B6295;
			remoteInfo = Sunscreen;
		};
/* End PBXContainerItemProxy section */

/* Begin PBXFileReference section */
		630918761C70F9E8004F7D4B /* PreferencesWindow.swift */ = {isa = PBXFileReference; fileEncoding = 4; lastKnownFileType = sourcecode.swift; path = PreferencesWindow.swift; sourceTree = "<group>"; };
		630918771C70F9E8004F7D4B /* PreferencesWindow.xib */ = {isa = PBXFileReference; fileEncoding = 4; lastKnownFileType = file.xib; path = PreferencesWindow.xib; sourceTree = "<group>"; };
		6315A8F11C724350007769A1 /* SunCalculator.swift */ = {isa = PBXFileReference; fileEncoding = 4; lastKnownFileType = sourcecode.swift; path = SunCalculator.swift; sourceTree = "<group>"; };
		636692591C769CDE00DEA647 /* Sunscreen.app */ = {isa = PBXFileReference; explicitFileType = wrapper.application; includeInIndex = 0; name = Sunscreen.app; path = /Users/david/Developer/Sunscreen/build/Debug/Sunscreen.app; sourceTree = "<absolute>"; };
		6366925A1C769CDE00DEA647 /* SunscreenTests.xctest */ = {isa = PBXFileReference; explicitFileType = wrapper.cfbundle; includeInIndex = 0; name = SunscreenTests.xctest; path = /Users/david/Developer/Sunscreen/build/Debug/SunscreenTests.xctest; sourceTree = "<absolute>"; };
		6366925B1C769CDE00DEA647 /* SunscreenUITests.xctest */ = {isa = PBXFileReference; explicitFileType = wrapper.cfbundle; includeInIndex = 0; name = SunscreenUITests.xctest; path = /Users/david/Developer/Sunscreen/build/Debug/SunscreenUITests.xctest; sourceTree = "<absolute>"; };
		63E505B01C6FD78E003B6295 /* AppDelegate.swift */ = {isa = PBXFileReference; lastKnownFileType = sourcecode.swift; path = AppDelegate.swift; sourceTree = "<group>"; };
		63E505B21C6FD78E003B6295 /* Assets.xcassets */ = {isa = PBXFileReference; lastKnownFileType = folder.assetcatalog; path = Assets.xcassets; sourceTree = "<group>"; };
		63E505B51C6FD78E003B6295 /* Base */ = {isa = PBXFileReference; lastKnownFileType = file.xib; name = Base; path = Base.lproj/MainMenu.xib; sourceTree = "<group>"; };
		63E505B71C6FD78E003B6295 /* Info.plist */ = {isa = PBXFileReference; lastKnownFileType = text.plist.xml; path = Info.plist; sourceTree = "<group>"; };
		63E505C01C6FD78E003B6295 /* SunscreenTests.swift */ = {isa = PBXFileReference; lastKnownFileType = sourcecode.swift; path = SunscreenTests.swift; sourceTree = "<group>"; };
		63E505C21C6FD78E003B6295 /* Info.plist */ = {isa = PBXFileReference; lastKnownFileType = text.plist.xml; path = Info.plist; sourceTree = "<group>"; };
		63E505CB1C6FD78E003B6295 /* SunscreenUITests.swift */ = {isa = PBXFileReference; lastKnownFileType = sourcecode.swift; path = SunscreenUITests.swift; sourceTree = "<group>"; };
		63E505CD1C6FD78E003B6295 /* Info.plist */ = {isa = PBXFileReference; lastKnownFileType = text.plist.xml; path = Info.plist; sourceTree = "<group>"; };
		63E505D91C6FE77D003B6295 /* StatusMenuController.swift */ = {isa = PBXFileReference; fileEncoding = 4; lastKnownFileType = sourcecode.swift; path = StatusMenuController.swift; sourceTree = "<group>"; };
		74D5677F1C714A4700F9336A /* Sunscreen.entitlements */ = {isa = PBXFileReference; lastKnownFileType = text.xml; path = Sunscreen.entitlements; sourceTree = "<group>"; };
/* End PBXFileReference section */

/* Begin PBXFrameworksBuildPhase section */
		63E505AA1C6FD78E003B6295 /* Frameworks */ = {
			isa = PBXFrameworksBuildPhase;
			buildActionMask = 2147483647;
			files = (
			);
			runOnlyForDeploymentPostprocessing = 0;
		};
		63E505B91C6FD78E003B6295 /* Frameworks */ = {
			isa = PBXFrameworksBuildPhase;
			buildActionMask = 2147483647;
			files = (
			);
			runOnlyForDeploymentPostprocessing = 0;
		};
		63E505C41C6FD78E003B6295 /* Frameworks */ = {
			isa = PBXFrameworksBuildPhase;
			buildActionMask = 2147483647;
			files = (
			);
			runOnlyForDeploymentPostprocessing = 0;
		};
/* End PBXFrameworksBuildPhase section */

/* Begin PBXGroup section */
		63E505A41C6FD78E003B6295 = {
			isa = PBXGroup;
			children = (
				63E505AF1C6FD78E003B6295 /* Sunscreen */,
				63E505BF1C6FD78E003B6295 /* SunscreenTests */,
				63E505CA1C6FD78E003B6295 /* SunscreenUITests */,
			);
			sourceTree = "<group>";
		};
		63E505AF1C6FD78E003B6295 /* Sunscreen */ = {
			isa = PBXGroup;
			children = (
				74D5677F1C714A4700F9336A /* Sunscreen.entitlements */,
				63E505B01C6FD78E003B6295 /* AppDelegate.swift */,
				6315A8F11C724350007769A1 /* SunCalculator.swift */,
				630918761C70F9E8004F7D4B /* PreferencesWindow.swift */,
				630918771C70F9E8004F7D4B /* PreferencesWindow.xib */,
				63E505D91C6FE77D003B6295 /* StatusMenuController.swift */,
				63E505B21C6FD78E003B6295 /* Assets.xcassets */,
				63E505B41C6FD78E003B6295 /* MainMenu.xib */,
				63E505B71C6FD78E003B6295 /* Info.plist */,
			);
			path = Sunscreen;
			sourceTree = "<group>";
		};
		63E505BF1C6FD78E003B6295 /* SunscreenTests */ = {
			isa = PBXGroup;
			children = (
				63E505C01C6FD78E003B6295 /* SunscreenTests.swift */,
				63E505C21C6FD78E003B6295 /* Info.plist */,
			);
			path = SunscreenTests;
			sourceTree = "<group>";
		};
		63E505CA1C6FD78E003B6295 /* SunscreenUITests */ = {
			isa = PBXGroup;
			children = (
				63E505CB1C6FD78E003B6295 /* SunscreenUITests.swift */,
				63E505CD1C6FD78E003B6295 /* Info.plist */,
			);
			path = SunscreenUITests;
			sourceTree = "<group>";
		};
/* End PBXGroup section */

/* Begin PBXNativeTarget section */
		63E505AC1C6FD78E003B6295 /* Sunscreen */ = {
			isa = PBXNativeTarget;
			buildConfigurationList = 63E505D01C6FD78E003B6295 /* Build configuration list for PBXNativeTarget "Sunscreen" */;
			buildPhases = (
				63E505A91C6FD78E003B6295 /* Sources */,
				63E505AA1C6FD78E003B6295 /* Frameworks */,
				63E505AB1C6FD78E003B6295 /* Resources */,
			);
			buildRules = (
			);
			dependencies = (
			);
			name = Sunscreen;
			productName = Sunscreen;
			productReference = 636692591C769CDE00DEA647 /* Sunscreen.app */;
			productType = "com.apple.product-type.application";
		};
		63E505BB1C6FD78E003B6295 /* SunscreenTests */ = {
			isa = PBXNativeTarget;
			buildConfigurationList = 63E505D31C6FD78E003B6295 /* Build configuration list for PBXNativeTarget "SunscreenTests" */;
			buildPhases = (
				63E505B81C6FD78E003B6295 /* Sources */,
				63E505B91C6FD78E003B6295 /* Frameworks */,
				63E505BA1C6FD78E003B6295 /* Resources */,
			);
			buildRules = (
			);
			dependencies = (
				63E505BE1C6FD78E003B6295 /* PBXTargetDependency */,
			);
			name = SunscreenTests;
			productName = SunscreenTests;
			productReference = 6366925A1C769CDE00DEA647 /* SunscreenTests.xctest */;
			productType = "com.apple.product-type.bundle.unit-test";
		};
		63E505C61C6FD78E003B6295 /* SunscreenUITests */ = {
			isa = PBXNativeTarget;
			buildConfigurationList = 63E505D61C6FD78E003B6295 /* Build configuration list for PBXNativeTarget "SunscreenUITests" */;
			buildPhases = (
				63E505C31C6FD78E003B6295 /* Sources */,
				63E505C41C6FD78E003B6295 /* Frameworks */,
				63E505C51C6FD78E003B6295 /* Resources */,
			);
			buildRules = (
			);
			dependencies = (
				63E505C91C6FD78E003B6295 /* PBXTargetDependency */,
			);
			name = SunscreenUITests;
			productName = SunscreenUITests;
			productReference = 6366925B1C769CDE00DEA647 /* SunscreenUITests.xctest */;
			productType = "com.apple.product-type.bundle.ui-testing";
		};
/* End PBXNativeTarget section */

/* Begin PBXProject section */
		63E505A51C6FD78E003B6295 /* Project object */ = {
			isa = PBXProject;
			attributes = {
				LastSwiftUpdateCheck = 0720;
				LastUpgradeCheck = 0720;
				ORGANIZATIONNAME = "David Celis";
				TargetAttributes = {
					63E505AC1C6FD78E003B6295 = {
						CreatedOnToolsVersion = 7.2.1;
						DevelopmentTeam = 5X6BKUZDDL;
						SystemCapabilities = {
							com.apple.Sandbox = {
								enabled = 1;
							};
						};
					};
					63E505BB1C6FD78E003B6295 = {
						CreatedOnToolsVersion = 7.2.1;
						TestTargetID = 63E505AC1C6FD78E003B6295;
					};
					63E505C61C6FD78E003B6295 = {
						CreatedOnToolsVersion = 7.2.1;
						TestTargetID = 63E505AC1C6FD78E003B6295;
					};
				};
			};
			buildConfigurationList = 63E505A81C6FD78E003B6295 /* Build configuration list for PBXProject "Sunscreen" */;
			compatibilityVersion = "Xcode 3.2";
			developmentRegion = English;
			hasScannedForEncodings = 0;
			knownRegions = (
				en,
				Base,
			);
			mainGroup = 63E505A41C6FD78E003B6295;
			productRefGroup = 63E505A41C6FD78E003B6295;
			projectDirPath = "";
			projectRoot = "";
			targets = (
				63E505AC1C6FD78E003B6295 /* Sunscreen */,
				63E505BB1C6FD78E003B6295 /* SunscreenTests */,
				63E505C61C6FD78E003B6295 /* SunscreenUITests */,
			);
		};
/* End PBXProject section */

/* Begin PBXResourcesBuildPhase section */
		63E505AB1C6FD78E003B6295 /* Resources */ = {
			isa = PBXResourcesBuildPhase;
			buildActionMask = 2147483647;
			files = (
				63E505B31C6FD78E003B6295 /* Assets.xcassets in Resources */,
				630918791C70F9E8004F7D4B /* PreferencesWindow.xib in Resources */,
				63E505B61C6FD78E003B6295 /* MainMenu.xib in Resources */,
			);
			runOnlyForDeploymentPostprocessing = 0;
		};
		63E505BA1C6FD78E003B6295 /* Resources */ = {
			isa = PBXResourcesBuildPhase;
			buildActionMask = 2147483647;
			files = (
			);
			runOnlyForDeploymentPostprocessing = 0;
		};
		63E505C51C6FD78E003B6295 /* Resources */ = {
			isa = PBXResourcesBuildPhase;
			buildActionMask = 2147483647;
			files = (
			);
			runOnlyForDeploymentPostprocessing = 0;
		};
/* End PBXResourcesBuildPhase section */

/* Begin PBXSourcesBuildPhase section */
		63E505A91C6FD78E003B6295 /* Sources */ = {
			isa = PBXSourcesBuildPhase;
			buildActionMask = 2147483647;
			files = (
				630918781C70F9E8004F7D4B /* PreferencesWindow.swift in Sources */,
				63E505DA1C6FE77D003B6295 /* StatusMenuController.swift in Sources */,
				63E505B11C6FD78E003B6295 /* AppDelegate.swift in Sources */,
				6315A8F21C724350007769A1 /* SunCalculator.swift in Sources */,
			);
			runOnlyForDeploymentPostprocessing = 0;
		};
		63E505B81C6FD78E003B6295 /* Sources */ = {
			isa = PBXSourcesBuildPhase;
			buildActionMask = 2147483647;
			files = (
				63E505C11C6FD78E003B6295 /* SunscreenTests.swift in Sources */,
			);
			runOnlyForDeploymentPostprocessing = 0;
		};
		63E505C31C6FD78E003B6295 /* Sources */ = {
			isa = PBXSourcesBuildPhase;
			buildActionMask = 2147483647;
			files = (
				63E505CC1C6FD78E003B6295 /* SunscreenUITests.swift in Sources */,
			);
			runOnlyForDeploymentPostprocessing = 0;
		};
/* End PBXSourcesBuildPhase section */

/* Begin PBXTargetDependency section */
		63E505BE1C6FD78E003B6295 /* PBXTargetDependency */ = {
			isa = PBXTargetDependency;
			target = 63E505AC1C6FD78E003B6295 /* Sunscreen */;
			targetProxy = 63E505BD1C6FD78E003B6295 /* PBXContainerItemProxy */;
		};
		63E505C91C6FD78E003B6295 /* PBXTargetDependency */ = {
			isa = PBXTargetDependency;
			target = 63E505AC1C6FD78E003B6295 /* Sunscreen */;
			targetProxy = 63E505C81C6FD78E003B6295 /* PBXContainerItemProxy */;
		};
/* End PBXTargetDependency section */

/* Begin PBXVariantGroup section */
		63E505B41C6FD78E003B6295 /* MainMenu.xib */ = {
			isa = PBXVariantGroup;
			children = (
				63E505B51C6FD78E003B6295 /* Base */,
			);
			name = MainMenu.xib;
			sourceTree = "<group>";
		};
/* End PBXVariantGroup section */

/* Begin XCBuildConfiguration section */
		63E505CE1C6FD78E003B6295 /* Debug */ = {
			isa = XCBuildConfiguration;
			buildSettings = {
				ALWAYS_SEARCH_USER_PATHS = NO;
				CLANG_CXX_LANGUAGE_STANDARD = "gnu++0x";
				CLANG_CXX_LIBRARY = "libc++";
				CLANG_ENABLE_MODULES = YES;
				CLANG_ENABLE_OBJC_ARC = YES;
				CLANG_WARN_BOOL_CONVERSION = YES;
				CLANG_WARN_CONSTANT_CONVERSION = YES;
				CLANG_WARN_DIRECT_OBJC_ISA_USAGE = YES_ERROR;
				CLANG_WARN_EMPTY_BODY = YES;
				CLANG_WARN_ENUM_CONVERSION = YES;
				CLANG_WARN_INT_CONVERSION = YES;
				CLANG_WARN_OBJC_ROOT_CLASS = YES_ERROR;
				CLANG_WARN_UNREACHABLE_CODE = YES;
				CLANG_WARN__DUPLICATE_METHOD_MATCH = YES;
				CODE_SIGN_IDENTITY = "-";
				COPY_PHASE_STRIP = NO;
				DEBUG_INFORMATION_FORMAT = dwarf;
				ENABLE_STRICT_OBJC_MSGSEND = YES;
				ENABLE_TESTABILITY = YES;
				GCC_C_LANGUAGE_STANDARD = gnu99;
				GCC_DYNAMIC_NO_PIC = NO;
				GCC_NO_COMMON_BLOCKS = YES;
				GCC_OPTIMIZATION_LEVEL = 0;
				GCC_PREPROCESSOR_DEFINITIONS = (
					"DEBUG=1",
					"$(inherited)",
				);
				GCC_WARN_64_TO_32_BIT_CONVERSION = YES;
				GCC_WARN_ABOUT_RETURN_TYPE = YES_ERROR;
				GCC_WARN_UNDECLARED_SELECTOR = YES;
				GCC_WARN_UNINITIALIZED_AUTOS = YES_AGGRESSIVE;
				GCC_WARN_UNUSED_FUNCTION = YES;
				GCC_WARN_UNUSED_VARIABLE = YES;
				MACOSX_DEPLOYMENT_TARGET = 10.11;
				MTL_ENABLE_DEBUG_INFO = YES;
				ONLY_ACTIVE_ARCH = YES;
				SDKROOT = macosx;
				SWIFT_OPTIMIZATION_LEVEL = "-Onone";
			};
			name = Debug;
		};
		63E505CF1C6FD78E003B6295 /* Release */ = {
			isa = XCBuildConfiguration;
			buildSettings = {
				ALWAYS_SEARCH_USER_PATHS = NO;
				CLANG_CXX_LANGUAGE_STANDARD = "gnu++0x";
				CLANG_CXX_LIBRARY = "libc++";
				CLANG_ENABLE_MODULES = YES;
				CLANG_ENABLE_OBJC_ARC = YES;
				CLANG_WARN_BOOL_CONVERSION = YES;
				CLANG_WARN_CONSTANT_CONVERSION = YES;
				CLANG_WARN_DIRECT_OBJC_ISA_USAGE = YES_ERROR;
				CLANG_WARN_EMPTY_BODY = YES;
				CLANG_WARN_ENUM_CONVERSION = YES;
				CLANG_WARN_INT_CONVERSION = YES;
				CLANG_WARN_OBJC_ROOT_CLASS = YES_ERROR;
				CLANG_WARN_UNREACHABLE_CODE = YES;
				CLANG_WARN__DUPLICATE_METHOD_MATCH = YES;
				CODE_SIGN_IDENTITY = "-";
				COPY_PHASE_STRIP = NO;
				DEBUG_INFORMATION_FORMAT = "dwarf-with-dsym";
				ENABLE_NS_ASSERTIONS = NO;
				ENABLE_STRICT_OBJC_MSGSEND = YES;
				GCC_C_LANGUAGE_STANDARD = gnu99;
				GCC_NO_COMMON_BLOCKS = YES;
				GCC_WARN_64_TO_32_BIT_CONVERSION = YES;
				GCC_WARN_ABOUT_RETURN_TYPE = YES_ERROR;
				GCC_WARN_UNDECLARED_SELECTOR = YES;
				GCC_WARN_UNINITIALIZED_AUTOS = YES_AGGRESSIVE;
				GCC_WARN_UNUSED_FUNCTION = YES;
				GCC_WARN_UNUSED_VARIABLE = YES;
				MACOSX_DEPLOYMENT_TARGET = 10.11;
				MTL_ENABLE_DEBUG_INFO = NO;
				SDKROOT = macosx;
			};
			name = Release;
		};
		63E505D11C6FD78E003B6295 /* Debug */ = {
			isa = XCBuildConfiguration;
			buildSettings = {
				ASSETCATALOG_COMPILER_APPICON_NAME = AppIcon;
				CODE_SIGN_ENTITLEMENTS = Sunscreen/Sunscreen.entitlements;
				CODE_SIGN_IDENTITY = "Mac Developer";
				"CODE_SIGN_IDENTITY[sdk=macosx*]" = "Mac Developer";
				COMBINE_HIDPI_IMAGES = YES;
				INFOPLIST_FILE = Sunscreen/Info.plist;
				LD_RUNPATH_SEARCH_PATHS = "$(inherited) @executable_path/../Frameworks";
				PRODUCT_BUNDLE_IDENTIFIER = com.davidcelis.Sunscreen;
				PRODUCT_NAME = "$(TARGET_NAME)";
				PROVISIONING_PROFILE = "";
			};
			name = Debug;
		};
		63E505D21C6FD78E003B6295 /* Release */ = {
			isa = XCBuildConfiguration;
			buildSettings = {
				ASSETCATALOG_COMPILER_APPICON_NAME = AppIcon;
				CODE_SIGN_ENTITLEMENTS = Sunscreen/Sunscreen.entitlements;
				CODE_SIGN_IDENTITY = "Mac Developer";
				"CODE_SIGN_IDENTITY[sdk=macosx*]" = "Mac Developer";
				COMBINE_HIDPI_IMAGES = YES;
				INFOPLIST_FILE = Sunscreen/Info.plist;
				LD_RUNPATH_SEARCH_PATHS = "$(inherited) @executable_path/../Frameworks";
				PRODUCT_BUNDLE_IDENTIFIER = com.davidcelis.Sunscreen;
				PRODUCT_NAME = "$(TARGET_NAME)";
				PROVISIONING_PROFILE = "";
			};
			name = Release;
		};
		63E505D41C6FD78E003B6295 /* Debug */ = {
			isa = XCBuildConfiguration;
			buildSettings = {
				BUNDLE_LOADER = "$(TEST_HOST)";
				COMBINE_HIDPI_IMAGES = YES;
				INFOPLIST_FILE = SunscreenTests/Info.plist;
				LD_RUNPATH_SEARCH_PATHS = "$(inherited) @executable_path/../Frameworks @loader_path/../Frameworks";
				PRODUCT_BUNDLE_IDENTIFIER = com.davidcelis.SunscreenTests;
				PRODUCT_NAME = "$(TARGET_NAME)";
				TEST_HOST = "$(BUILT_PRODUCTS_DIR)/Sunscreen.app/Contents/MacOS/Sunscreen";
			};
			name = Debug;
		};
		63E505D51C6FD78E003B6295 /* Release */ = {
			isa = XCBuildConfiguration;
			buildSettings = {
				BUNDLE_LOADER = "$(TEST_HOST)";
				COMBINE_HIDPI_IMAGES = YES;
				INFOPLIST_FILE = SunscreenTests/Info.plist;
				LD_RUNPATH_SEARCH_PATHS = "$(inherited) @executable_path/../Frameworks @loader_path/../Frameworks";
				PRODUCT_BUNDLE_IDENTIFIER = com.davidcelis.SunscreenTests;
				PRODUCT_NAME = "$(TARGET_NAME)";
				TEST_HOST = "$(BUILT_PRODUCTS_DIR)/Sunscreen.app/Contents/MacOS/Sunscreen";
			};
			name = Release;
		};
		63E505D71C6FD78E003B6295 /* Debug */ = {
			isa = XCBuildConfiguration;
			buildSettings = {
				COMBINE_HIDPI_IMAGES = YES;
				INFOPLIST_FILE = SunscreenUITests/Info.plist;
				LD_RUNPATH_SEARCH_PATHS = "$(inherited) @executable_path/../Frameworks @loader_path/../Frameworks";
				PRODUCT_BUNDLE_IDENTIFIER = com.davidcelis.SunscreenUITests;
				PRODUCT_NAME = "$(TARGET_NAME)";
				TEST_TARGET_NAME = Sunscreen;
				USES_XCTRUNNER = YES;
			};
			name = Debug;
		};
		63E505D81C6FD78E003B6295 /* Release */ = {
			isa = XCBuildConfiguration;
			buildSettings = {
				COMBINE_HIDPI_IMAGES = YES;
				INFOPLIST_FILE = SunscreenUITests/Info.plist;
				LD_RUNPATH_SEARCH_PATHS = "$(inherited) @executable_path/../Frameworks @loader_path/../Frameworks";
				PRODUCT_BUNDLE_IDENTIFIER = com.davidcelis.SunscreenUITests;
				PRODUCT_NAME = "$(TARGET_NAME)";
				TEST_TARGET_NAME = Sunscreen;
				USES_XCTRUNNER = YES;
			};
			name = Release;
		};
/* End XCBuildConfiguration section */

/* Begin XCConfigurationList section */
		63E505A81C6FD78E003B6295 /* Build configuration list for PBXProject "Sunscreen" */ = {
			isa = XCConfigurationList;
			buildConfigurations = (
				63E505CE1C6FD78E003B6295 /* Debug */,
				63E505CF1C6FD78E003B6295 /* Release */,
			);
			defaultConfigurationIsVisible = 0;
			defaultConfigurationName = Release;
		};
		63E505D01C6FD78E003B6295 /* Build configuration list for PBXNativeTarget "Sunscreen" */ = {
			isa = XCConfigurationList;
			buildConfigurations = (
				63E505D11C6FD78E003B6295 /* Debug */,
				63E505D21C6FD78E003B6295 /* Release */,
			);
			defaultConfigurationIsVisible = 0;
			defaultConfigurationName = Release;
		};
		63E505D31C6FD78E003B6295 /* Build configuration list for PBXNativeTarget "SunscreenTests" */ = {
			isa = XCConfigurationList;
			buildConfigurations = (
				63E505D41C6FD78E003B6295 /* Debug */,
				63E505D51C6FD78E003B6295 /* Release */,
			);
			defaultConfigurationIsVisible = 0;
			defaultConfigurationName = Release;
		};
		63E505D61C6FD78E003B6295 /* Build configuration list for PBXNativeTarget "SunscreenUITests" */ = {
			isa = XCConfigurationList;
			buildConfigurations = (
				63E505D71C6FD78E003B6295 /* Debug */,
				63E505D81C6FD78E003B6295 /* Release */,
			);
			defaultConfigurationIsVisible = 0;
			defaultConfigurationName = Release;
		};
/* End XCConfigurationList section */
	};
	rootObject = 63E505A51C6FD78E003B6295 /* Project object */;
}
